
Microsoft Visual Studio Solution File, Format Version 12.00
# Visual Studio Version 17
VisualStudioVersion = 17.9.34622.214
MinimumVisualStudioVersion = 10.0.40219.1
Project("{FAE04EC0-301F-11D3-BF4B-00C04F79EFBC}") = "BitcoinFinder", "BitcoinFinder\BitcoinFinder.csproj", "{71EE32F9-1405-4ABA-A5AD-93EE8353BF20}"
EndProject
Global
	GlobalSection(SolutionConfigurationPlatforms) = preSolution
		Debug|Any CPU = Debug|Any CPU
		Release|Any CPU = Release|Any CPU
	EndGlobalSection
	GlobalSection(ProjectConfigurationPlatforms) = postSolution
		{71EE32F9-1405-4ABA-A5AD-93EE8353BF20}.Debug|Any CPU.ActiveCfg = Debug|Any CPU
		{71EE32F9-1405-4ABA-A5AD-93EE8353BF20}.Debug|Any CPU.Build.0 = Debug|Any CPU
		{71EE32F9-1405-4ABA-A5AD-93EE8353BF20}.Release|Any CPU.ActiveCfg = Release|Any CPU
		{71EE32F9-1405-4ABA-A5AD-93EE8353BF20}.Release|Any CPU.Build.0 = Release|Any CPU
	EndGlobalSection
	GlobalSection(SolutionProperties) = preSolution
		HideSolutionNode = FALSE
	EndGlobalSection
	GlobalSection(ExtensibilityGlobals) = postSolution
		SolutionGuid = {F6FA5297-7837-4AF8-86A0-629E8A918F7D}
	EndGlobalSection
EndGlobal
